lockfileVersion: 5.3

specifiers:
  '@tinyhttp/app': ^2.0.0
  '@types/ws': 7.4.7
  commander: ^8.1.0
  iconv-lite: ^0.6.3
  pdfjs-dist: ^2.9.359
  sirv: ^1.0.14
  tinyws: ^0.0.5
  typescript: 4.3.5
  ws: ^7.0.0

dependencies:
  '@tinyhttp/app': 2.0.0
  commander: 8.1.0
  iconv-lite: 0.6.3
  pdfjs-dist: 2.9.359
  sirv: 1.0.14
  tinyws: 0.0.5_ws@7.5.3
  ws: 7.5.3

devDependencies:
  '@types/ws': 7.4.7
  typescript: 4.3.5

packages:

  /@polka/url/1.0.0-next.17:
    resolution: {integrity: sha512-0p1rCgM3LLbAdwBnc7gqgnvjHg9KpbhcSphergHShlkWz8EdPawoMJ3/VbezI0mGC5eKCDzMaPgF9Yca6cKvrg==}
    dev: false

  /@tinyhttp/accepts/2.0.0:
    resolution: {integrity: sha512-bBGrvydoZ1mPkHxzQkI09jwnxZDkeswtFmIaj9CZ96SYmGeaqadpcmbBSu7OkVa7rAwJfQ41MpovV0cyKI5UaA==}
    engines: {node: '>=12.4.0'}
    dependencies:
      es-mime-types: 0.1.3
      negotiator: 0.6.2
    dev: false

  /@tinyhttp/app/2.0.0:
    resolution: {integrity: sha512-tWLPGE3hCQQf+rR5uLICIrGu7r4ok9zCDkbJwXfscz9ZaHx1L+PNdxvmBT60KHFMzew51xi4bacmGVEGsybpSg==}
    engines: {node: '>=12.x'}
    dependencies:
      '@tinyhttp/cookie': 2.0.0
      '@tinyhttp/proxy-addr': 2.0.0
      '@tinyhttp/req': 2.0.0
      '@tinyhttp/res': 2.0.0
      '@tinyhttp/router': 2.0.0
      regexparam: 2.0.0
    dev: false

  /@tinyhttp/content-disposition/2.0.0:
    resolution: {integrity: sha512-pg2Css3/OCsew8Rqh9YIu4b6vdSyIzJ+hJc7xVuERfMx3OypEoulLKgy1J/jYxVXb2/KRovXLN04mmrfANLpEQ==}
    engines: {node: '>=12.4.0'}
    dev: false

  /@tinyhttp/cookie-signature/2.0.0:
    resolution: {integrity: sha512-sd83Zaq0Nd+lqdrGlDNuPzshU8sXoAb1yZ9lqlCs9gqC5UMuUSlHKINUxnLRRwcmztRgC2o4rcdNdKtaOC+oqQ==}
    engines: {node: '>=12.4.0'}
    dev: false

  /@tinyhttp/cookie/2.0.0:
    resolution: {integrity: sha512-lketXHMyEmsztf+UV3b+vbDhtX0cFjC31KuLRPIN7atuTNOfCNa6pDrvjLLe6Vt9JHpruZu++DSDtZPjcJTlpQ==}
    engines: {node: '>=12.4.0'}
    dev: false

  /@tinyhttp/encode-url/2.0.0:
    resolution: {integrity: sha512-LbjZbMWN9S3VAJ3Xlq1W6lpJPsAp62quMJCY1W71j4K/pchIMwGhUCUf1xk68jqHbHzNOoZ/kyaR+/9dDkbi8A==}
    engines: {node: '>=12.4.0'}
    dev: false

  /@tinyhttp/etag/2.0.0:
    resolution: {integrity: sha512-+qi7KjA1wlgCOSUwJfbW9ACy6fSyDx9t7A8SzbyukWH6Rg5IRkFAwn6ooPHDuPWaUhaCl402t+tm+/np+GiTLw==}
    engines: {node: '>=12.4.0'}
    dev: false

  /@tinyhttp/forwarded/2.0.0:
    resolution: {integrity: sha512-NtARty+M7SlY9j2I5UqOeJxAysBz1X2D3XReu0PRMRxwohXEArkp1TyJHzNv19NUCVi6Cl6LPgZ6w0jzfdOkVg==}
    engines: {node: '>=12.4.0'}
    dev: false

  /@tinyhttp/proxy-addr/2.0.0:
    resolution: {integrity: sha512-51rmpA84BVZOxeswrFEuR5MhipQ5IruHTAeZSfCY6rkwKarMKz8OENnecvHU0u7ONVvhKQbNWEL80ddYrzs4yg==}
    engines: {node: '>=12.4.0'}
    dependencies:
      '@tinyhttp/forwarded': 2.0.0
      ipaddr.js: 2.0.1
    dev: false

  /@tinyhttp/req/2.0.0:
    resolution: {integrity: sha512-2p/IG5QEZ11bLOdOdrPPpxncP5nlNZ1FvJ/pfY6WYgwr/627mAgQVRJGu8M76f61qfve/ITuP2YfkUgmD5g7Aw==}
    engines: {node: '>=12.4.0'}
    dependencies:
      '@tinyhttp/accepts': 2.0.0
      '@tinyhttp/type-is': 2.0.0
      '@tinyhttp/url': 2.0.0
      es-fresh: 0.0.10
      range-parser: 1.2.1
    dev: false

  /@tinyhttp/res/2.0.0:
    resolution: {integrity: sha512-C9VVia4narJ/5V2sKB3VN6a6xFnE1O+LFqCIMi+yR4yHKP/DZNibtTbnrFYqA/0YVUwPLh53Hw+AkvBAFK1u7Q==}
    engines: {node: '>=12.4.0'}
    dependencies:
      '@tinyhttp/content-disposition': 2.0.0
      '@tinyhttp/cookie': 2.0.0
      '@tinyhttp/cookie-signature': 2.0.0
      '@tinyhttp/encode-url': 2.0.0
      '@tinyhttp/req': 2.0.0
      '@tinyhttp/send': 2.0.0
      es-escape-html: 0.1.1
      es-mime-types: 0.1.3
      es-vary: 0.1.1
    dev: false

  /@tinyhttp/router/2.0.0:
    resolution: {integrity: sha512-hH/kFhsTkaZQfKQI3S82SLEzoMxPAEuw26VqlvrkgaIZVW9hfwvM/lmbplj5KcrPLkzUKz1zYJofgr69CV0Klg==}
    engines: {node: '>=12.4.0'}
    dev: false

  /@tinyhttp/send/2.0.0:
    resolution: {integrity: sha512-L3avzFlfIc3Hle0QriiLbFYjeJa40OGHX3Y9vM4jFORhDo/hEcLaaQjB4D4vZN19vrLFXXKfrGA5raL004TZwQ==}
    engines: {node: '>=12.4.0'}
    dependencies:
      '@tinyhttp/etag': 2.0.0
      es-content-type: 0.1.0
      es-mime-types: 0.1.3
    dev: false

  /@tinyhttp/type-is/2.0.0:
    resolution: {integrity: sha512-chuPbjRcT4V1kh1EHphwWCro7EaSK0LG3ipmjmyLB0V6CH2DRmNNpEV8ZMHO8HRcGIvbh/09A2Zi0QOBmjAUNw==}
    engines: {node: '>=12.4.0'}
    dependencies:
      es-content-type: 0.1.0
      es-mime-types: 0.1.3
    dev: false

  /@tinyhttp/url/2.0.0:
    resolution: {integrity: sha512-mHgBf3ZmRNoNgnzkfVbEk/RpSqOYpY8s3jlojs53Ltls05GoRXX4lNZ516lWkX+eq0ETdAEGNg/5bHTEHidhKA==}
    engines: {node: '>=12.4.0'}
    dev: false

  /@types/node/16.6.1:
    resolution: {integrity: sha512-Sr7BhXEAer9xyGuCN3Ek9eg9xPviCF2gfu9kTfuU2HkTVAMYSDeX40fvpmo72n5nansg3nsBjuQBrsS28r+NUw==}
    dev: true

  /@types/ws/7.4.7:
    resolution: {integrity: sha512-JQbbmxZTZehdc2iszGKs5oC3NFnjeay7mtAWrdt7qNtAVK0g19muApzAy4bm9byz79xa2ZnO/BOBC2R8RC5Lww==}
    dependencies:
      '@types/node': 16.6.1
    dev: true

  /commander/8.1.0:
    resolution: {integrity: sha512-mf45ldcuHSYShkplHHGKWb4TrmwQadxOn7v4WuhDJy0ZVoY5JFajaRDKD0PNe5qXzBX0rhovjTnP6Kz9LETcuA==}
    engines: {node: '>= 12'}
    dev: false

  /es-content-type/0.1.0:
    resolution: {integrity: sha512-DqWU9pSzhNlO10q+NQ/KebImLkKbwbcy0pSv3hNQfEpKFHsrqDJz2vajpZdq7nkiG9DoJcTh22oHGymp7XJd9g==}
    engines: {node: '>=12.x'}
    dev: false

  /es-escape-html/0.1.1:
    resolution: {integrity: sha512-yUx1o+8RsG7UlszmYPtks+dm6Lho2m8lgHMOsLJQsFI0R8XwUJwiMhM1M4E/S8QLeGyf6MkDV/pWgjQ0tdTSyQ==}
    engines: {node: '>=12.x'}
    dev: false

  /es-fresh/0.0.10:
    resolution: {integrity: sha512-/e5etUqtxj7JktALldpsDNC84DOHavN9PqojnTTGeX1M2/Q4/SF8d55d7AsB3n66WYS43hdBbn0sAllto5kSIg==}
    engines: {node: '>=12.x'}
    dev: false

  /es-mime-types/0.1.3:
    resolution: {integrity: sha512-LcyBLQFEm2wnZdvbLYHDZ03Yb55hX/v7TNhPpgZKeOleJFTkwF4bYkkBFHRBEvg+9duGxx3cMYVkwBDMcA+LfA==}
    engines: {node: '>=12.x'}
    dependencies:
      mime-db: 1.49.0
    dev: false

  /es-vary/0.1.1:
    resolution: {integrity: sha512-4UOWrTu8lz5otSyWxcS0LbYz8WyYOEiWHGkBIu0VfhTsY+vtc7+fOSDHsxtEUBeu7mDnTwqsKg5NEXeq5Da1Hg==}
    engines: {node: '>=12.x'}
    dev: false

  /iconv-lite/0.6.3:
    resolution: {integrity: sha512-4fCk79wshMdzMp2rH06qWrJE4iolqLhCUH+OiuIgU++RB0+94NlDL81atO7GX55uUKueo0txHNtvEyI6D7WdMw==}
    engines: {node: '>=0.10.0'}
    dependencies:
      safer-buffer: 2.1.2
    dev: false

  /ipaddr.js/2.0.1:
    resolution: {integrity: sha512-1qTgH9NG+IIJ4yfKs2e6Pp1bZg8wbDbKHT21HrLIeYBTRLgMYKnMTPAuI3Lcs61nfx5h1xlXnbJtH1kX5/d/ng==}
    engines: {node: '>= 10'}
    dev: false

  /mime-db/1.49.0:
    resolution: {integrity: sha512-CIc8j9URtOVApSFCQIF+VBkX1RwXp/oMMOrqdyXSBXq5RWNEsRfyj1kiRnQgmNXmHxPoFIxOroKA3zcU9P+nAA==}
    engines: {node: '>= 0.6'}
    dev: false

  /mime/2.5.2:
    resolution: {integrity: sha512-tqkh47FzKeCPD2PUiPB6pkbMzsCasjxAfC62/Wap5qrUWcb+sFasXUC5I3gYM5iBM8v/Qpn4UK0x+j0iHyFPDg==}
    engines: {node: '>=4.0.0'}
    hasBin: true
    dev: false

  /negotiator/0.6.2:
    resolution: {integrity: sha512-hZXc7K2e+PgeI1eDBe/10Ard4ekbfrrqG8Ep+8Jmf4JID2bNg7NvCPOZN+kfF574pFQI7mum2AUqDidoKqcTOw==}
    engines: {node: '>= 0.6'}
    dev: false

  /pdfjs-dist/2.9.359:
    resolution: {integrity: sha512-P2nYtkacdlZaNNwrBLw1ZyMm0oE2yY/5S/GDCAmMJ7U4+ciL/D0mrlEC/o4HZZc/LNE3w8lEVzBEyVgEQlPVKQ==}
    peerDependencies:
      worker-loader: ^3.0.7
    dev: false

  /range-parser/1.2.1:
    resolution: {integrity: sha512-Hrgsx+orqoygnmhFbKaHE6c296J+HTAQXoxEF6gNupROmmGJRoyzfG3ccAveqCBrwr/2yxQ5BVd/GTl5agOwSg==}
    engines: {node: '>= 0.6'}
    dev: false

  /regexparam/2.0.0:
    resolution: {integrity: sha512-gJKwd2MVPWHAIFLsaYDZfyKzHNS4o7E/v8YmNf44vmeV2e4YfVoDToTOKTvE7ab68cRJ++kLuEXJBaEeJVt5ow==}
    engines: {node: '>=8'}
    dev: false

  /safer-buffer/2.1.2:
    resolution: {integrity: sha512-YZo3K82SD7Riyi0E1EQPojLz7kpepnSQI9IyPbHHg1XXXevb5dJI7tpyN2ADxGcQbHG7vcyRHk0cbwqcQriUtg==}
    dev: false

  /sirv/1.0.14:
    resolution: {integrity: sha512-czTFDFjK9lXj0u9mJ3OmJoXFztoilYS+NdRPcJoT182w44wSEkHSiO7A2517GLJ8wKM4GjCm2OXE66Dhngbzjg==}
    engines: {node: '>= 10'}
    dependencies:
      '@polka/url': 1.0.0-next.17
      mime: 2.5.2
      totalist: 1.1.0
    dev: false

  /tinyws/0.0.5_ws@7.5.3:
    resolution: {integrity: sha512-qp9nIm3uxdRjJzjsiZQ2zc3pxNDf8Gk99b1CHbUzx+sMGwBSyUw4tcD78x1SSTpnBUH6xgJ2+zf9N3sOqs812g==}
    engines: {node: '>=12.4'}
    peerDependencies:
      ws: '>=7'
    dependencies:
      ws: 7.5.3
    dev: false

  /totalist/1.1.0:
    resolution: {integrity: sha512-gduQwd1rOdDMGxFG1gEvhV88Oirdo2p+KjoYFU7k2g+i7n6AFFbDQ5kMPUsW0pNbfQsB/cwXvT1i4Bue0s9g5g==}
    engines: {node: '>=6'}
    dev: false

  /typescript/4.3.5:
    resolution: {integrity: sha512-DqQgihaQ9cUrskJo9kIyW/+g0Vxsk8cDtZ52a3NGh0YNTfpUSArXSohyUGnvbPazEPLu398C0UxmKSOrPumUzA==}
    engines: {node: '>=4.2.0'}
    hasBin: true
    dev: true

  /ws/7.5.3:
    resolution: {integrity: sha512-kQ/dHIzuLrS6Je9+uv81ueZomEwH0qVYstcAQ4/Z93K8zeko9gtAbttJWzoC5ukqXY1PpoouV3+VSOqEAFt5wg==}
    engines: {node: '>=8.3.0'}
    peerDependencies:
      bufferutil: ^4.0.1
      utf-8-validate: ^5.0.2
    peerDependenciesMeta:
      bufferutil:
        optional: true
      utf-8-validate:
        optional: true
    dev: false
